// !$*UTF8*$!
{
	archiveVersion = 1;
	classes = {
	};
	objectVersion = 90;
	objects = {

/* Begin PBXBuildFile section */
		044F11D47F7F84A0082AAE76 /* MealsTodayView.swift in Sources */ = {isa = PBXBuildFile; fileRef = DAE723EF14C2F3D52979A47C /* MealsTodayView.swift */; };
		06580E6E2F352FE800FBC564 /* SettingsView.swift in Sources */ = {isa = PBXBuildFile; fileRef = 06580E6D2F352FE800FBC564 /* SettingsView.swift */; };
		06580E712F35321600FBC564 /* Medicine.swift in Sources */ = {isa = PBXBuildFile; fileRef = 06580E6F2F35321600FBC564 /* Medicine.swift */; };
		06580E732F35333E00FBC564 /* TemperatureReading.swift in Sources */ = {isa = PBXBuildFile; fileRef = 06580E722F35333E00FBC564 /* TemperatureReading.swift */; };
		06580E752F35345F00FBC564 /* SleepRecord.swift in Sources */ = {isa = PBXBuildFile; fileRef = 06580E742F35345F00FBC564 /* SleepRecord.swift */; };
		06580E772F3534EB00FBC564 /* PlaytimeRecord.swift in Sources */ = {isa = PBXBuildFile; fileRef = 06580E762F3534EB00FBC564 /* PlaytimeRecord.swift */; };
		06580E792F35365F00FBC564 /* NursingRecord.swift in Sources */ = {isa = PBXBuildFile; fileRef = 06580E782F35365F00FBC564 /* NursingRecord.swift */; };
		06580E7B2F35368200FBC564 /* HistoryView.swift in Sources */ = {isa = PBXBuildFile; fileRef = 06580E7A2F35368200FBC564 /* HistoryView.swift */; };
		0E5512ACAD8CF22B220EDAB9 /* MenuEntry.swift in Sources */ = {isa = PBXBuildFile; fileRef = 2B4B1F4766D8A2332193F459 /* MenuEntry.swift */; };
		0FCD86BF878D4FB04699972A /* CycleView.swift in Sources */ = {isa = PBXBuildFile; fileRef = A631462E45A7C03F7320D43A /* CycleView.swift */; };
		12B22226D2ADC1C0F176759C /* MealsView.swift in Sources */ = {isa = PBXBuildFile; fileRef = E23AF24A0BE069874B5A1CFB /* MealsView.swift */; };
		2E51B2DC2314D9FC17E0F3AB /* MealsShoppingView.swift in Sources */ = {isa = PBXBuildFile; fileRef = 5B102F49EE81C19F14D5FE73 /* MealsShoppingView.swift */; };
		33751E5F38CA06DA0BA982DA /* MedicineView.swift in Sources */ = {isa = PBXBuildFile; fileRef = E851554DA80110390015313D /* MedicineView.swift */; };
		3D0C5843B3E8DC1C7C2CD897 /* GridView.swift in Sources */ = {isa = PBXBuildFile; fileRef = 72F870F37521F04FA4FD1823 /* GridView.swift */; };
		48FA0251FFC7EC7869B7AD90 /* TuistAssets+BabyTreat.swift in Sources */ = {isa = PBXBuildFile; fileRef = 2692F8BE9C6F595CD4B4866D /* TuistAssets+BabyTreat.swift */; };
		4AD06C1171B0EC5D0E04FD12 /* EnergyProfileStore.swift in Sources */ = {isa = PBXBuildFile; fileRef = E850F640BF365385CD2FAD0D /* EnergyProfileStore.swift */; };
		4AEAD5437E100CFA6D367ABF /* TemperatureView.swift in Sources */ = {isa = PBXBuildFile; fileRef = 53085CB85BE517AB96BE3C83 /* TemperatureView.swift */; };
		4C90C8909E709DAB293552B7 /* MealsFoodsView.swift in Sources */ = {isa = PBXBuildFile; fileRef = 93247D5748BDED73676029D3 /* MealsFoodsView.swift */; };
		54009F0F8229E3CBB3FB7DC4 /* MealTheme.swift in Sources */ = {isa = PBXBuildFile; fileRef = 717F719308068A4FE0A13053 /* MealTheme.swift */; };
		653323A05C4EF2D2F77CB9F9 /* MealsWeekView.swift in Sources */ = {isa = PBXBuildFile; fileRef = E304B3A103F1106550EA6FE8 /* MealsWeekView.swift */; };
		70B6CA0B5E31F8B443B107ED /* PairInsightsView.swift in Sources */ = {isa = PBXBuildFile; fileRef = 27B192E06C8C3BA36815041E /* PairInsightsView.swift */; };
		7EDFA7F976494C0E77BABE4E /* NutritionModels.swift in Sources */ = {isa = PBXBuildFile; fileRef = 41B8E00F2B12764F6F83FCF2 /* NutritionModels.swift */; };
		830F28AC3834D8C72B769E36 /* Recipe.swift in Sources */ = {isa = PBXBuildFile; fileRef = 3DC5A126782DA40EAAD88406 /* Recipe.swift */; };
		8833681D05517F1D6C82AE5E /* CaloriesView.swift in Sources */ = {isa = PBXBuildFile; fileRef = F032565E8B26877C42F97443 /* CaloriesView.swift */; };
		8AB959BD86500B24CFF4D18E /* ContentView.swift in Sources */ = {isa = PBXBuildFile; fileRef = 97C7136FAC57623159460A64 /* ContentView.swift */; };
		8B3A997D7962189B93CF3D40 /* PlaytimeView.swift in Sources */ = {isa = PBXBuildFile; fileRef = 754290274399D3B7F31C3DE0 /* PlaytimeView.swift */; };
		926D201649E1DDA7B6CE63B2 /* MealLog.swift in Sources */ = {isa = PBXBuildFile; fileRef = 7E3CCA9391E3DE9E63B810F8 /* MealLog.swift */; };
		951FC375BF5F522DF604D0F6 /* Food.swift in Sources */ = {isa = PBXBuildFile; fileRef = 5CE25C27A8636D8F01F92039 /* Food.swift */; };
		95434DDCD5D8CF860AE25DB2 /* NursingView.swift in Sources */ = {isa = PBXBuildFile; fileRef = A6DE89A6066A0F4383B384CC /* NursingView.swift */; };
		9B594D304C71309691DEC29E /* ToleranceLevel.swift in Sources */ = {isa = PBXBuildFile; fileRef = 9A874BE331687F6BF086D7C2 /* ToleranceLevel.swift */; };
		9CC5FE73F37A7C3681026767 /* Assets.xcassets in Resources */ = {isa = PBXBuildFile; fileRef = 6D9DFF36B2E67AA8D127D75C /* Assets.xcassets */; };
		9D02FB3E27F2CEFDAEEB0BF6 /* MealPlanner.swift in Sources */ = {isa = PBXBuildFile; fileRef = 8C72BC7CA2177800935A9713 /* MealPlanner.swift */; };
		AC1705F41816230DDE1DD4C2 /* LoggedMeal.swift in Sources */ = {isa = PBXBuildFile; fileRef = 8783A278AEB023C3B0927748 /* LoggedMeal.swift */; };
		AF1B66643B5E5C8B6E04C313 /* SleepView.swift in Sources */ = {isa = PBXBuildFile; fileRef = 39BF5D695417CE677FBF390B /* SleepView.swift */; };
		B1B47E70CCDD3B0ED32FD4AF /* PairEffectEngine.swift in Sources */ = {isa = PBXBuildFile; fileRef = 4C7304633A434BF4A7589DC1 /* PairEffectEngine.swift */; };
		B7C94E7ACB20EDB132689464 /* DiaperView.swift in Sources */ = {isa = PBXBuildFile; fileRef = 9AA7B0068BC381742645D8CB /* DiaperView.swift */; };
		C112BA530796C6C4FB8E843F /* ShoppingItem.swift in Sources */ = {isa = PBXBuildFile; fileRef = 7477B46EFE2315D9D3DCF60C /* ShoppingItem.swift */; };
		C394F1EB570025FAD0C1E484 /* EnergySettingsView.swift in Sources */ = {isa = PBXBuildFile; fileRef = B847FA72B2075CB43B005756 /* EnergySettingsView.swift */; };
		C947707B9B5D1B385FBD2499 /* MealsRecipesView.swift in Sources */ = {isa = PBXBuildFile; fileRef = F0E0DA4855B2E082835D4479 /* MealsRecipesView.swift */; };
		CD31567E7F4D0C8DAA236F85 /* FormulaView.swift in Sources */ = {isa = PBXBuildFile; fileRef = 85699E4184D15DEBC653A9E0 /* FormulaView.swift */; };
		CFCD7329DD44151775E8B976 /* MealSeed.swift in Sources */ = {isa = PBXBuildFile; fileRef = A1F2EACA760862AC52E5C47B /* MealSeed.swift */; };
		DB1552CDE0F9B7B6E596DAE0 /* MealRules.swift in Sources */ = {isa = PBXBuildFile; fileRef = 63A80E6A34243F21F6F34399 /* MealRules.swift */; };
		E08C05A6468B4FF0A7E224CA /* EnergyEngine.swift in Sources */ = {isa = PBXBuildFile; fileRef = 6B752D3C453152E86B24341E /* EnergyEngine.swift */; };
		E175E35F6FC757831BD0D01C /* ToleranceEngine.swift in Sources */ = {isa = PBXBuildFile; fileRef = 37F0D7F3774B180A48301FF5 /* ToleranceEngine.swift */; };
		EA64EC9850300D2DF612D500 /* MealLogSheet.swift in Sources */ = {isa = PBXBuildFile; fileRef = 68E388206D56246112A83362 /* MealLogSheet.swift */; };
		F4442972A2C888B928683A93 /* TuistBundle+BabyTreat.swift in Sources */ = {isa = PBXBuildFile; fileRef = 6335F8D8A7DD01813CC6FF11 /* TuistBundle+BabyTreat.swift */; };
		F96D08D97AD2E4DF747C59BC /* BabyTreatApp.swift in Sources */ = {isa = PBXBuildFile; fileRef = 87AD284D39AC105EE8446BCC /* BabyTreatApp.swift */; };
		FC215E74DB6870806219081D /* MealEditSheet.swift in Sources */ = {isa = PBXBuildFile; fileRef = 67799169630E818D0A190FB1 /* MealEditSheet.swift */; };
		B5D93DCD5D0719E6ABA298D2 /* WeightBasis.swift in Sources */ = {isa = PBXBuildFile; fileRef = EEBFC363870A05D78990079A /* WeightBasis.swift */; };
		D04DB13DE57CA25F8256770D /* NutritionFacts.swift in Sources */ = {isa = PBXBuildFile; fileRef = F451B05CEB74B5C14C8A28BA /* NutritionFacts.swift */; };
		9D2C172B4A2B3989C4AB6B8E /* FoodProduct.swift in Sources */ = {isa = PBXBuildFile; fileRef = 5171BEF260E4491FFF0D61C3 /* FoodProduct.swift */; };
		000D8562F81D3F1DC20A8A22 /* OFFError.swift in Sources */ = {isa = PBXBuildFile; fileRef = 940FB162DB320CA676DF3436 /* OFFError.swift */; };
		ED396CAB06E5551A54A41E88 /* OFFEndpoint.swift in Sources */ = {isa = PBXBuildFile; fileRef = 8C9AA03797F31B1FEB47B886 /* OFFEndpoint.swift */; };
		9C5A886456274C039A4C7B97 /* OFFDTO.swift in Sources */ = {isa = PBXBuildFile; fileRef = B353AC033EC5ACF72DE472DF /* OFFDTO.swift */; };
		D6D434B8D6B6EBFD0E0C9B1B /* OFFMapper.swift in Sources */ = {isa = PBXBuildFile; fileRef = BB99F17168F05CB3537167A6 /* OFFMapper.swift */; };
		3422F91ED98D38EA27F88955 /* OFFClient.swift in Sources */ = {isa = PBXBuildFile; fileRef = 196AD596BEAF1D2241B4CB1F /* OFFClient.swift */; };
		33D3040D5017E2DAA67A7315 /* MockOFFClient.swift in Sources */ = {isa = PBXBuildFile; fileRef = 480102DDBED1B918FC0BBD4A /* MockOFFClient.swift */; };
		592F37E9023D10B1CD4ACCDF /* FoodProductStore.swift in Sources */ = {isa = PBXBuildFile; fileRef = BD2EBF3701CA016782F95C98 /* FoodProductStore.swift */; };
		24405CF8EB713A3C94BCD63D /* OpenFoodFactsTests.swift in Sources */ = {isa = PBXBuildFile; fileRef = 56120A9869B5C4CF9E35923D /* OpenFoodFactsTests.swift */; };
		57063EAE78B59200C5318692 /* IngredientClassification.swift in Sources */ = {isa = PBXBuildFile; fileRef = E6719CE230795BA90295B643 /* IngredientClassification.swift */; };
		45DEC57EF20E193D15785D33 /* ReactionLog.swift in Sources */ = {isa = PBXBuildFile; fileRef = 1B9376997CEFBE2DD51E7E5C /* ReactionLog.swift */; };
		5FA2E97EFE5DA9B962BDE7A1 /* ReactionAttribution.swift in Sources */ = {isa = PBXBuildFile; fileRef = 9956F2600B1AFA2DC405AD63 /* ReactionAttribution.swift */; };
		1916180B50EAAE39126E520F /* ReactionAttributionTests.swift in Sources */ = {isa = PBXBuildFile; fileRef = 91264CCC3A670FA31C3ACE7F /* ReactionAttributionTests.swift */; };
		CD25B7CC90FDD8027576D7C2 /* ReactionLogSheet.swift in Sources */ = {isa = PBXBuildFile; fileRef = D9FB1FF9C3D7237F24939801 /* ReactionLogSheet.swift */; };
		420819603A16B0BD4C7E7C28 /* MealForm.swift in Sources */ = {isa = PBXBuildFile; fileRef = 4CA23C158CF3E1D04B666485 /* MealForm.swift */; };
		96DFF5C87A35D7A8C2F3ADB3 /* SoupBatch.swift in Sources */ = {isa = PBXBuildFile; fileRef = 001B3A299D11C7B6CAFE9B8F /* SoupBatch.swift */; };
		E92F06F0319348B780C6B3DE /* DinnerRule.swift in Sources */ = {isa = PBXBuildFile; fileRef = 5247989E0A30AB7CA1606B7D /* DinnerRule.swift */; };
		65440CFF8C3B921CB119E21B /* BatchSafety.swift in Sources */ = {isa = PBXBuildFile; fileRef = 9A95EA5C29800C34B69BFFF6 /* BatchSafety.swift */; };
		1DAFB873EE84B801793F7452 /* BatchPlanner.swift in Sources */ = {isa = PBXBuildFile; fileRef = 16D01A3F440212EB0DB7B50A /* BatchPlanner.swift */; };
		2671226026739FB304CB22DE /* SoupBatchSheet.swift in Sources */ = {isa = PBXBuildFile; fileRef = D9F5EF3DCC99E8F48192FD6D /* SoupBatchSheet.swift */; };
		9EC7C00ADB68893B759F413B /* PeriodStart.swift in Sources */ = {isa = PBXBuildFile; fileRef = 550BC23891CD1A15DCC3AEF4 /* PeriodStart.swift */; };
		297081957F6C7056D514ECDA /* NutritionLabelParser.swift in Sources */ = {isa = PBXBuildFile; fileRef = 3EE3BFA2D1394734D0B1B397 /* NutritionLabelParser.swift */; };
		158505AEAB86E5ABF917F839 /* LabelScanner.swift in Sources */ = {isa = PBXBuildFile; fileRef = 85C3260376BAA68081E1963A /* LabelScanner.swift */; };
		8E50FC2EEA3C1F3CE993C67F /* ServingCalculator.swift in Sources */ = {isa = PBXBuildFile; fileRef = CA7DB0C7E3BC436B44AB2EB9 /* ServingCalculator.swift */; };
		44946F24F9A1EE815EB428BF /* ServingCalculatorSheet.swift in Sources */ = {isa = PBXBuildFile; fileRef = AB3FF54E9372A4326DFEE2D6 /* ServingCalculatorSheet.swift */; };
		BA6E62F7A577F438667E0AEB /* CarbConvention.swift in Sources */ = {isa = PBXBuildFile; fileRef = E996DE81DCDF760D5ABF02F5 /* CarbConvention.swift */; };
		DBE10A257A73C518E7613CD5 /* BeverageEntry.swift in Sources */ = {isa = PBXBuildFile; fileRef = 44BA86EA5F3A647C10C45ACA /* BeverageEntry.swift */; };
		4BC21F35B69712748113CE05 /* BeverageLibrary.swift in Sources */ = {isa = PBXBuildFile; fileRef = AACBE366A1D7D2BCDFCCA507 /* BeverageLibrary.swift */; };
		030944AF765A2B86BA3CD91B /* BeverageCalculator.swift in Sources */ = {isa = PBXBuildFile; fileRef = ED54A1882848370730330F30 /* BeverageCalculator.swift */; };
		38416539359A04BD0CF120B7 /* BeverageTemplate.swift in Sources */ = {isa = PBXBuildFile; fileRef = 916F75D54C262884100FD3FE /* BeverageTemplate.swift */; };
		77C0137386921B381D73EE1C /* BeverageTests.swift in Sources */ = {isa = PBXBuildFile; fileRef = E6520B2E1BD70B6E4A385385 /* BeverageTests.swift */; };
		C4E5EFBB3961CC37CB114047 /* ActiveEnergyTests.swift in Sources */ = {isa = PBXBuildFile; fileRef = 83735354C0D6E89AD70A6865 /* ActiveEnergyTests.swift */; };
		3734B5E3F8EB79262C3F4EA9 /* ActiveEnergy.swift in Sources */ = {isa = PBXBuildFile; fileRef = 320A23DA29329D8C35549596 /* ActiveEnergy.swift */; };
		8B18232545DE082CBA6D5775 /* ActiveEnergyProviding.swift in Sources */ = {isa = PBXBuildFile; fileRef = D0D241E4A8B754B505E46841 /* ActiveEnergyProviding.swift */; };
		93D71B8AFE3B53D608D70A31 /* ActiveEnergySourceSelector.swift in Sources */ = {isa = PBXBuildFile; fileRef = 728DE9D00EC2B4433936D0B4 /* ActiveEnergySourceSelector.swift */; };
		5835EDFFFE796C16B0F12F50 /* MockActiveEnergyProvider.swift in Sources */ = {isa = PBXBuildFile; fileRef = B9819711BD67F90C54254B83 /* MockActiveEnergyProvider.swift */; };
		70A306198E30FB8D362E432C /* ActiveEnergyWindow.swift in Sources */ = {isa = PBXBuildFile; fileRef = 21031F4007E7B4C9610EA81B /* ActiveEnergyWindow.swift */; };
		911EE16BB0A5576BDF10470F /* HealthKitActiveEnergyProvider.swift in Sources */ = {isa = PBXBuildFile; fileRef = 9970BA79C10EE76CBFC1B2F2 /* HealthKitActiveEnergyProvider.swift */; };
		C154A8C55550E5F868F18697 /* ActiveEnergyObserver.swift in Sources */ = {isa = PBXBuildFile; fileRef = 6668D3EDFE5A0E60B9A4AE50 /* ActiveEnergyObserver.swift */; };
/* End PBXBuildFile section */

/* Begin PBXCopyFilesBuildPhase section */
		2E3FC13A4E675C46F1439C94 /* Embed Frameworks */ = {
			isa = PBXCopyFilesBuildPhase;
			dstPath = "";
			dstSubfolder = Frameworks;
			files = (
			);
			name = "Embed Frameworks";
		};
/* End PBXCopyFilesBuildPhase section */

/* Begin PBXContainerItemProxy section */
		DA76549D8650C71C74E32987 /* PBXContainerItemProxy */ = {
			isa = PBXContainerItemProxy;
			containerPortal = 7768D36F9400F21BC1C1A5FC /* Project object */;
			proxyType = 1;
			remoteGlobalIDString = E5BE074951FF4B51E71B9FF5;
			remoteInfo = BabyTreat;
		};
/* End PBXContainerItemProxy section */

/* Begin PBXFileReference section */
		06580E6D2F352FE800FBC564 /* SettingsView.swift */ = {isa = PBXFileReference; lastKnownFileType = sourcecode.swift; path = SettingsView.swift; sourceTree = "<group>"; };
		06580E6F2F35321600FBC564 /* Medicine.swift */ = {isa = PBXFileReference; lastKnownFileType = sourcecode.swift; path = Medicine.swift; sourceTree = "<group>"; };
		06580E722F35333E00FBC564 /* TemperatureReading.swift */ = {isa = PBXFileReference; lastKnownFileType = sourcecode.swift; path = TemperatureReading.swift; sourceTree = "<group>"; };
		06580E742F35345F00FBC564 /* SleepRecord.swift */ = {isa = PBXFileReference; lastKnownFileType = sourcecode.swift; path = SleepRecord.swift; sourceTree = "<group>"; };
		06580E762F3534EB00FBC564 /* PlaytimeRecord.swift */ = {isa = PBXFileReference; lastKnownFileType = sourcecode.swift; path = PlaytimeRecord.swift; sourceTree = "<group>"; };
		06580E782F35365F00FBC564 /* NursingRecord.swift */ = {isa = PBXFileReference; lastKnownFileType = sourcecode.swift; path = NursingRecord.swift; sourceTree = "<group>"; };
		06580E7A2F35368200FBC564 /* HistoryView.swift */ = {isa = PBXFileReference; lastKnownFileType = sourcecode.swift; path = HistoryView.swift; sourceTree = "<group>"; };
		06DE605D3039F87500962294 /* BabyTreat.entitlements */ = {isa = PBXFileReference; lastKnownFileType = text.plist.entitlements; name = BabyTreat.entitlements; path = BabyTreat/BabyTreat.entitlements; sourceTree = "<group>"; };
		2692F8BE9C6F595CD4B4866D /* TuistAssets+BabyTreat.swift */ = {isa = PBXFileReference; lastKnownFileType = sourcecode.swift; path = "TuistAssets+BabyTreat.swift"; sourceTree = "<group>"; };
		27B192E06C8C3BA36815041E /* PairInsightsView.swift */ = {isa = PBXFileReference; lastKnownFileType = sourcecode.swift; path = PairInsightsView.swift; sourceTree = "<group>"; };
		2B4B1F4766D8A2332193F459 /* MenuEntry.swift */ = {isa = PBXFileReference; lastKnownFileType = sourcecode.swift; path = MenuEntry.swift; sourceTree = "<group>"; };
		37F0D7F3774B180A48301FF5 /* ToleranceEngine.swift */ = {isa = PBXFileReference; lastKnownFileType = sourcecode.swift; path = ToleranceEngine.swift; sourceTree = "<group>"; };
		39BF5D695417CE677FBF390B /* SleepView.swift */ = {isa = PBXFileReference; lastKnownFileType = sourcecode.swift; path = SleepView.swift; sourceTree = "<group>"; };
		3DC5A126782DA40EAAD88406 /* Recipe.swift */ = {isa = PBXFileReference; lastKnownFileType = sourcecode.swift; path = Recipe.swift; sourceTree = "<group>"; };
		41B8E00F2B12764F6F83FCF2 /* NutritionModels.swift */ = {isa = PBXFileReference; lastKnownFileType = sourcecode.swift; path = NutritionModels.swift; sourceTree = "<group>"; };
		4C7304633A434BF4A7589DC1 /* PairEffectEngine.swift */ = {isa = PBXFileReference; lastKnownFileType = sourcecode.swift; path = PairEffectEngine.swift; sourceTree = "<group>"; };
		53085CB85BE517AB96BE3C83 /* TemperatureView.swift */ = {isa = PBXFileReference; lastKnownFileType = sourcecode.swift; path = TemperatureView.swift; sourceTree = "<group>"; };
		5B102F49EE81C19F14D5FE73 /* MealsShoppingView.swift */ = {isa = PBXFileReference; lastKnownFileType = sourcecode.swift; path = MealsShoppingView.swift; sourceTree = "<group>"; };
		5CE25C27A8636D8F01F92039 /* Food.swift */ = {isa = PBXFileReference; lastKnownFileType = sourcecode.swift; path = Food.swift; sourceTree = "<group>"; };
		6335F8D8A7DD01813CC6FF11 /* TuistBundle+BabyTreat.swift */ = {isa = PBXFileReference; lastKnownFileType = sourcecode.swift; path = "TuistBundle+BabyTreat.swift"; sourceTree = "<group>"; };
		63A80E6A34243F21F6F34399 /* MealRules.swift */ = {isa = PBXFileReference; lastKnownFileType = sourcecode.swift; path = MealRules.swift; sourceTree = "<group>"; };
		67799169630E818D0A190FB1 /* MealEditSheet.swift */ = {isa = PBXFileReference; lastKnownFileType = sourcecode.swift; path = MealEditSheet.swift; sourceTree = "<group>"; };
		68E388206D56246112A83362 /* MealLogSheet.swift */ = {isa = PBXFileReference; lastKnownFileType = sourcecode.swift; path = MealLogSheet.swift; sourceTree = "<group>"; };
		6B752D3C453152E86B24341E /* EnergyEngine.swift */ = {isa = PBXFileReference; lastKnownFileType = sourcecode.swift; path = EnergyEngine.swift; sourceTree = "<group>"; };
		6D9DFF36B2E67AA8D127D75C /* Assets.xcassets */ = {isa = PBXFileReference; lastKnownFileType = folder.assetcatalog; path = Assets.xcassets; sourceTree = "<group>"; };
		717F719308068A4FE0A13053 /* MealTheme.swift */ = {isa = PBXFileReference; lastKnownFileType = sourcecode.swift; path = MealTheme.swift; sourceTree = "<group>"; };
		72F870F37521F04FA4FD1823 /* GridView.swift */ = {isa = PBXFileReference; lastKnownFileType = sourcecode.swift; path = GridView.swift; sourceTree = "<group>"; };
		7477B46EFE2315D9D3DCF60C /* ShoppingItem.swift */ = {isa = PBXFileReference; lastKnownFileType = sourcecode.swift; path = ShoppingItem.swift; sourceTree = "<group>"; };
		754290274399D3B7F31C3DE0 /* PlaytimeView.swift */ = {isa = PBXFileReference; lastKnownFileType = sourcecode.swift; path = PlaytimeView.swift; sourceTree = "<group>"; };
		7E3CCA9391E3DE9E63B810F8 /* MealLog.swift */ = {isa = PBXFileReference; lastKnownFileType = sourcecode.swift; path = MealLog.swift; sourceTree = "<group>"; };
		85699E4184D15DEBC653A9E0 /* FormulaView.swift */ = {isa = PBXFileReference; lastKnownFileType = sourcecode.swift; path = FormulaView.swift; sourceTree = "<group>"; };
		863A0F5E3B023D73CFB7169F /* BabyTreat-Info.plist */ = {isa = PBXFileReference; lastKnownFileType = text.plist; path = "BabyTreat-Info.plist"; sourceTree = "<group>"; };
		8783A278AEB023C3B0927748 /* LoggedMeal.swift */ = {isa = PBXFileReference; lastKnownFileType = sourcecode.swift; path = LoggedMeal.swift; sourceTree = "<group>"; };
		87AD284D39AC105EE8446BCC /* BabyTreatApp.swift */ = {isa = PBXFileReference; lastKnownFileType = sourcecode.swift; path = BabyTreatApp.swift; sourceTree = "<group>"; };
		8C72BC7CA2177800935A9713 /* MealPlanner.swift */ = {isa = PBXFileReference; lastKnownFileType = sourcecode.swift; path = MealPlanner.swift; sourceTree = "<group>"; };
		93247D5748BDED73676029D3 /* MealsFoodsView.swift */ = {isa = PBXFileReference; lastKnownFileType = sourcecode.swift; path = MealsFoodsView.swift; sourceTree = "<group>"; };
		97C7136FAC57623159460A64 /* ContentView.swift */ = {isa = PBXFileReference; lastKnownFileType = sourcecode.swift; path = ContentView.swift; sourceTree = "<group>"; };
		9A874BE331687F6BF086D7C2 /* ToleranceLevel.swift */ = {isa = PBXFileReference; lastKnownFileType = sourcecode.swift; path = ToleranceLevel.swift; sourceTree = "<group>"; };
		9AA7B0068BC381742645D8CB /* DiaperView.swift */ = {isa = PBXFileReference; lastKnownFileType = sourcecode.swift; path = DiaperView.swift; sourceTree = "<group>"; };
		A1F2EACA760862AC52E5C47B /* MealSeed.swift */ = {isa = PBXFileReference; lastKnownFileType = sourcecode.swift; path = MealSeed.swift; sourceTree = "<group>"; };
		A631462E45A7C03F7320D43A /* CycleView.swift */ = {isa = PBXFileReference; lastKnownFileType = sourcecode.swift; path = CycleView.swift; sourceTree = "<group>"; };
		A6DE89A6066A0F4383B384CC /* NursingView.swift */ = {isa = PBXFileReference; lastKnownFileType = sourcecode.swift; path = NursingView.swift; sourceTree = "<group>"; };
		B847FA72B2075CB43B005756 /* EnergySettingsView.swift */ = {isa = PBXFileReference; lastKnownFileType = sourcecode.swift; path = EnergySettingsView.swift; sourceTree = "<group>"; };
		C00285F7C2EE1E323B83B531 /* BabyTreat.app */ = {isa = PBXFileReference; explicitFileType = wrapper.application; includeInIndex = 0; path = BabyTreat.app; sourceTree = BUILT_PRODUCTS_DIR; };
		DAE723EF14C2F3D52979A47C /* MealsTodayView.swift */ = {isa = PBXFileReference; lastKnownFileType = sourcecode.swift; path = MealsTodayView.swift; sourceTree = "<group>"; };
		E23AF24A0BE069874B5A1CFB /* MealsView.swift */ = {isa = PBXFileReference; lastKnownFileType = sourcecode.swift; path = MealsView.swift; sourceTree = "<group>"; };
		E304B3A103F1106550EA6FE8 /* MealsWeekView.swift */ = {isa = PBXFileReference; lastKnownFileType = sourcecode.swift; path = MealsWeekView.swift; sourceTree = "<group>"; };
		E850F640BF365385CD2FAD0D /* EnergyProfileStore.swift */ = {isa = PBXFileReference; lastKnownFileType = sourcecode.swift; path = EnergyProfileStore.swift; sourceTree = "<group>"; };
		E851554DA80110390015313D /* MedicineView.swift */ = {isa = PBXFileReference; lastKnownFileType = sourcecode.swift; path = MedicineView.swift; sourceTree = "<group>"; };
		F032565E8B26877C42F97443 /* CaloriesView.swift */ = {isa = PBXFileReference; lastKnownFileType = sourcecode.swift; path = CaloriesView.swift; sourceTree = "<group>"; };
		F0E0DA4855B2E082835D4479 /* MealsRecipesView.swift */ = {isa = PBXFileReference; lastKnownFileType = sourcecode.swift; path = MealsRecipesView.swift; sourceTree = "<group>"; };
		EEBFC363870A05D78990079A /* WeightBasis.swift */ = {isa = PBXFileReference; lastKnownFileType = sourcecode.swift; path = WeightBasis.swift; sourceTree = "<group>"; };
		F451B05CEB74B5C14C8A28BA /* NutritionFacts.swift */ = {isa = PBXFileReference; lastKnownFileType = sourcecode.swift; path = NutritionFacts.swift; sourceTree = "<group>"; };
		5171BEF260E4491FFF0D61C3 /* FoodProduct.swift */ = {isa = PBXFileReference; lastKnownFileType = sourcecode.swift; path = FoodProduct.swift; sourceTree = "<group>"; };
		940FB162DB320CA676DF3436 /* OFFError.swift */ = {isa = PBXFileReference; lastKnownFileType = sourcecode.swift; path = OFFError.swift; sourceTree = "<group>"; };
		8C9AA03797F31B1FEB47B886 /* OFFEndpoint.swift */ = {isa = PBXFileReference; lastKnownFileType = sourcecode.swift; path = OFFEndpoint.swift; sourceTree = "<group>"; };
		B353AC033EC5ACF72DE472DF /* OFFDTO.swift */ = {isa = PBXFileReference; lastKnownFileType = sourcecode.swift; path = OFFDTO.swift; sourceTree = "<group>"; };
		BB99F17168F05CB3537167A6 /* OFFMapper.swift */ = {isa = PBXFileReference; lastKnownFileType = sourcecode.swift; path = OFFMapper.swift; sourceTree = "<group>"; };
		196AD596BEAF1D2241B4CB1F /* OFFClient.swift */ = {isa = PBXFileReference; lastKnownFileType = sourcecode.swift; path = OFFClient.swift; sourceTree = "<group>"; };
		480102DDBED1B918FC0BBD4A /* MockOFFClient.swift */ = {isa = PBXFileReference; lastKnownFileType = sourcecode.swift; path = MockOFFClient.swift; sourceTree = "<group>"; };
		BD2EBF3701CA016782F95C98 /* FoodProductStore.swift */ = {isa = PBXFileReference; lastKnownFileType = sourcecode.swift; path = FoodProductStore.swift; sourceTree = "<group>"; };
		56120A9869B5C4CF9E35923D /* OpenFoodFactsTests.swift */ = {isa = PBXFileReference; lastKnownFileType = sourcecode.swift; path = OpenFoodFactsTests.swift; sourceTree = "<group>"; };
		AE101D4029BB943C8D08936F /* BabyTreatTests.xctest */ = {isa = PBXFileReference; explicitFileType = wrapper.cfbundle; includeInIndex = 0; path = BabyTreatTests.xctest; sourceTree = BUILT_PRODUCTS_DIR; };
		E6719CE230795BA90295B643 /* IngredientClassification.swift */ = {isa = PBXFileReference; lastKnownFileType = sourcecode.swift; path = IngredientClassification.swift; sourceTree = "<group>"; };
		1B9376997CEFBE2DD51E7E5C /* ReactionLog.swift */ = {isa = PBXFileReference; lastKnownFileType = sourcecode.swift; path = ReactionLog.swift; sourceTree = "<group>"; };
		9956F2600B1AFA2DC405AD63 /* ReactionAttribution.swift */ = {isa = PBXFileReference; lastKnownFileType = sourcecode.swift; path = ReactionAttribution.swift; sourceTree = "<group>"; };
		91264CCC3A670FA31C3ACE7F /* ReactionAttributionTests.swift */ = {isa = PBXFileReference; lastKnownFileType = sourcecode.swift; path = ReactionAttributionTests.swift; sourceTree = "<group>"; };
		D9FB1FF9C3D7237F24939801 /* ReactionLogSheet.swift */ = {isa = PBXFileReference; lastKnownFileType = sourcecode.swift; path = ReactionLogSheet.swift; sourceTree = "<group>"; };
		4CA23C158CF3E1D04B666485 /* MealForm.swift */ = {isa = PBXFileReference; lastKnownFileType = sourcecode.swift; path = MealForm.swift; sourceTree = "<group>"; };
		001B3A299D11C7B6CAFE9B8F /* SoupBatch.swift */ = {isa = PBXFileReference; lastKnownFileType = sourcecode.swift; path = SoupBatch.swift; sourceTree = "<group>"; };
		5247989E0A30AB7CA1606B7D /* DinnerRule.swift */ = {isa = PBXFileReference; lastKnownFileType = sourcecode.swift; path = DinnerRule.swift; sourceTree = "<group>"; };
		9A95EA5C29800C34B69BFFF6 /* BatchSafety.swift */ = {isa = PBXFileReference; lastKnownFileType = sourcecode.swift; path = BatchSafety.swift; sourceTree = "<group>"; };
		16D01A3F440212EB0DB7B50A /* BatchPlanner.swift */ = {isa = PBXFileReference; lastKnownFileType = sourcecode.swift; path = BatchPlanner.swift; sourceTree = "<group>"; };
		D9F5EF3DCC99E8F48192FD6D /* SoupBatchSheet.swift */ = {isa = PBXFileReference; lastKnownFileType = sourcecode.swift; path = SoupBatchSheet.swift; sourceTree = "<group>"; };
		550BC23891CD1A15DCC3AEF4 /* PeriodStart.swift */ = {isa = PBXFileReference; lastKnownFileType = sourcecode.swift; path = PeriodStart.swift; sourceTree = "<group>"; };
		3EE3BFA2D1394734D0B1B397 /* NutritionLabelParser.swift */ = {isa = PBXFileReference; lastKnownFileType = sourcecode.swift; path = NutritionLabelParser.swift; sourceTree = "<group>"; };
		85C3260376BAA68081E1963A /* LabelScanner.swift */ = {isa = PBXFileReference; lastKnownFileType = sourcecode.swift; path = LabelScanner.swift; sourceTree = "<group>"; };
		CA7DB0C7E3BC436B44AB2EB9 /* ServingCalculator.swift */ = {isa = PBXFileReference; lastKnownFileType = sourcecode.swift; path = ServingCalculator.swift; sourceTree = "<group>"; };
		AB3FF54E9372A4326DFEE2D6 /* ServingCalculatorSheet.swift */ = {isa = PBXFileReference; lastKnownFileType = sourcecode.swift; path = ServingCalculatorSheet.swift; sourceTree = "<group>"; };
		E996DE81DCDF760D5ABF02F5 /* CarbConvention.swift */ = {isa = PBXFileReference; lastKnownFileType = sourcecode.swift; path = CarbConvention.swift; sourceTree = "<group>"; };
		44BA86EA5F3A647C10C45ACA /* BeverageEntry.swift */ = {isa = PBXFileReference; lastKnownFileType = sourcecode.swift; path = BeverageEntry.swift; sourceTree = "<group>"; };
		AACBE366A1D7D2BCDFCCA507 /* BeverageLibrary.swift */ = {isa = PBXFileReference; lastKnownFileType = sourcecode.swift; path = BeverageLibrary.swift; sourceTree = "<group>"; };
		ED54A1882848370730330F30 /* BeverageCalculator.swift */ = {isa = PBXFileReference; lastKnownFileType = sourcecode.swift; path = BeverageCalculator.swift; sourceTree = "<group>"; };
		916F75D54C262884100FD3FE /* BeverageTemplate.swift */ = {isa = PBXFileReference; lastKnownFileType = sourcecode.swift; path = BeverageTemplate.swift; sourceTree = "<group>"; };
		E6520B2E1BD70B6E4A385385 /* BeverageTests.swift */ = {isa = PBXFileReference; lastKnownFileType = sourcecode.swift; path = BeverageTests.swift; sourceTree = "<group>"; };
		83735354C0D6E89AD70A6865 /* ActiveEnergyTests.swift */ = {isa = PBXFileReference; lastKnownFileType = sourcecode.swift; path = ActiveEnergyTests.swift; sourceTree = "<group>"; };
		320A23DA29329D8C35549596 /* ActiveEnergy.swift */ = {isa = PBXFileReference; lastKnownFileType = sourcecode.swift; path = ActiveEnergy.swift; sourceTree = "<group>"; };
		D0D241E4A8B754B505E46841 /* ActiveEnergyProviding.swift */ = {isa = PBXFileReference; lastKnownFileType = sourcecode.swift; path = ActiveEnergyProviding.swift; sourceTree = "<group>"; };
		728DE9D00EC2B4433936D0B4 /* ActiveEnergySourceSelector.swift */ = {isa = PBXFileReference; lastKnownFileType = sourcecode.swift; path = ActiveEnergySourceSelector.swift; sourceTree = "<group>"; };
		B9819711BD67F90C54254B83 /* MockActiveEnergyProvider.swift */ = {isa = PBXFileReference; lastKnownFileType = sourcecode.swift; path = MockActiveEnergyProvider.swift; sourceTree = "<group>"; };
		21031F4007E7B4C9610EA81B /* ActiveEnergyWindow.swift */ = {isa = PBXFileReference; lastKnownFileType = sourcecode.swift; path = ActiveEnergyWindow.swift; sourceTree = "<group>"; };
		9970BA79C10EE76CBFC1B2F2 /* HealthKitActiveEnergyProvider.swift */ = {isa = PBXFileReference; lastKnownFileType = sourcecode.swift; path = HealthKitActiveEnergyProvider.swift; sourceTree = "<group>"; };
		6668D3EDFE5A0E60B9A4AE50 /* ActiveEnergyObserver.swift */ = {isa = PBXFileReference; lastKnownFileType = sourcecode.swift; path = ActiveEnergyObserver.swift; sourceTree = "<group>"; };
/* End PBXFileReference section */

/* Begin PBXFrameworksBuildPhase section */
		68997D183BF9D834899DB897 /* Frameworks */ = {
			isa = PBXFrameworksBuildPhase;
			files = (
			);
		};
		B62931504ABEEA4369DE8262 /* Frameworks */ = {
			isa = PBXFrameworksBuildPhase;
			buildActionMask = 2147483647;
			files = (
			);
			runOnlyForDeploymentPostprocessing = 0;
		};
/* End PBXFrameworksBuildPhase section */

/* Begin PBXGroup section */
		06580E702F35321600FBC564 /* Models */ = {
			isa = PBXGroup;
			children = (
				44BA86EA5F3A647C10C45ACA /* BeverageEntry.swift */,
				E996DE81DCDF760D5ABF02F5 /* CarbConvention.swift */,
				550BC23891CD1A15DCC3AEF4 /* PeriodStart.swift */,
				001B3A299D11C7B6CAFE9B8F /* SoupBatch.swift */,
				4CA23C158CF3E1D04B666485 /* MealForm.swift */,
				1B9376997CEFBE2DD51E7E5C /* ReactionLog.swift */,
				E6719CE230795BA90295B643 /* IngredientClassification.swift */,
				5171BEF260E4491FFF0D61C3 /* FoodProduct.swift */,
				F451B05CEB74B5C14C8A28BA /* NutritionFacts.swift */,
				EEBFC363870A05D78990079A /* WeightBasis.swift */,
				41B8E00F2B12764F6F83FCF2 /* NutritionModels.swift */,
				9A874BE331687F6BF086D7C2 /* ToleranceLevel.swift */,
				5CE25C27A8636D8F01F92039 /* Food.swift */,
				3DC5A126782DA40EAAD88406 /* Recipe.swift */,
				2B4B1F4766D8A2332193F459 /* MenuEntry.swift */,
				7E3CCA9391E3DE9E63B810F8 /* MealLog.swift */,
				7477B46EFE2315D9D3DCF60C /* ShoppingItem.swift */,
				06580E762F3534EB00FBC564 /* PlaytimeRecord.swift */,
				06580E782F35365F00FBC564 /* NursingRecord.swift */,
				06580E742F35345F00FBC564 /* SleepRecord.swift */,
				06580E722F35333E00FBC564 /* TemperatureReading.swift */,
				06580E6F2F35321600FBC564 /* Medicine.swift */,
			);
			path = Models;
			sourceTree = "<group>";
		};
		0EFE2E0DCA3648099E03E8AA /* Sources */ = {
			isa = PBXGroup;
			children = (
				2692F8BE9C6F595CD4B4866D /* TuistAssets+BabyTreat.swift */,
				6335F8D8A7DD01813CC6FF11 /* TuistBundle+BabyTreat.swift */,
			);
			path = Sources;
			sourceTree = "<group>";
		};
		141A3BE4F9F88F1DE169E5F1 /* Project */ = {
			isa = PBXGroup;
			children = (
				574B75AB6E15F28E135AC551 /* BabyTreat */,
				BE7186ED53FE061AF935F372 /* Derived */,
			);
			name = Project;
			sourceTree = "<group>";
		};
		21BA3B1F18C111800A138774 /* Logic */ = {
			isa = PBXGroup;
			children = (
				4C7304633A434BF4A7589DC1 /* PairEffectEngine.swift */,
				37F0D7F3774B180A48301FF5 /* ToleranceEngine.swift */,
				8783A278AEB023C3B0927748 /* LoggedMeal.swift */,
			);
			path = Logic;
			sourceTree = "<group>";
		};
		2D8FDF06041B2BB0A2845F03 /* Meals */ = {
			isa = PBXGroup;
			children = (
				D9F5EF3DCC99E8F48192FD6D /* SoupBatchSheet.swift */,
				D9FB1FF9C3D7237F24939801 /* ReactionLogSheet.swift */,
				27B192E06C8C3BA36815041E /* PairInsightsView.swift */,
				67799169630E818D0A190FB1 /* MealEditSheet.swift */,
				68E388206D56246112A83362 /* MealLogSheet.swift */,
				DAE723EF14C2F3D52979A47C /* MealsTodayView.swift */,
				E304B3A103F1106550EA6FE8 /* MealsWeekView.swift */,
				93247D5748BDED73676029D3 /* MealsFoodsView.swift */,
				F0E0DA4855B2E082835D4479 /* MealsRecipesView.swift */,
				5B102F49EE81C19F14D5FE73 /* MealsShoppingView.swift */,
			);
			path = Meals;
			sourceTree = "<group>";
		};
		3EF636CB7D1427CA521BA65B /* Products */ = {
			isa = PBXGroup;
			children = (
				AE101D4029BB943C8D08936F /* BabyTreatTests.xctest */,
				C00285F7C2EE1E323B83B531 /* BabyTreat.app */,
			);
			name = Products;
			sourceTree = "<group>";
		};
		50044A4FD4CBF2952BC0CFBE /* Frameworks */ = {
			isa = PBXGroup;
			children = (
			);
			name = Frameworks;
			sourceTree = "<group>";
		};
		574B75AB6E15F28E135AC551 /* BabyTreat */ = {
			isa = PBXGroup;
			children = (
				E75EFD359198E2CFBE6E1956 /* Services */,
				D2495DA22000C4BCF0C89C8C /* Nutrition */,
				21BA3B1F18C111800A138774 /* Logic */,
				AA705FE705C2E79D900A9C73 /* MealPlanning */,
				06580E702F35321600FBC564 /* Models */,
				AD3508F41705AB2EA836F4C8 /* Views */,
				6D9DFF36B2E67AA8D127D75C /* Assets.xcassets */,
				87AD284D39AC105EE8446BCC /* BabyTreatApp.swift */,
				97C7136FAC57623159460A64 /* ContentView.swift */,
			);
			path = BabyTreat;
			sourceTree = "<group>";
		};
		6D03373FE6FF55F3DFBA7FB0 = {
			isa = PBXGroup;
			children = (
				843977F207ACAED8418A4719 /* BabyTreatTests */,
				06DE605D3039F87500962294 /* BabyTreat.entitlements */,
				141A3BE4F9F88F1DE169E5F1 /* Project */,
				50044A4FD4CBF2952BC0CFBE /* Frameworks */,
				3EF636CB7D1427CA521BA65B /* Products */,
			);
			sourceTree = "<group>";
		};
		A3BD85D5B87781DA0BBAEBBA /* InfoPlists */ = {
			isa = PBXGroup;
			children = (
				863A0F5E3B023D73CFB7169F /* BabyTreat-Info.plist */,
			);
			path = InfoPlists;
			sourceTree = "<group>";
		};
		AA705FE705C2E79D900A9C73 /* MealPlanning */ = {
			isa = PBXGroup;
			children = (
				8C72BC7CA2177800935A9713 /* MealPlanner.swift */,
				717F719308068A4FE0A13053 /* MealTheme.swift */,
				63A80E6A34243F21F6F34399 /* MealRules.swift */,
				A1F2EACA760862AC52E5C47B /* MealSeed.swift */,
			);
			path = MealPlanning;
			sourceTree = "<group>";
		};
		AD3508F41705AB2EA836F4C8 /* Views */ = {
			isa = PBXGroup;
			children = (
				AB3FF54E9372A4326DFEE2D6 /* ServingCalculatorSheet.swift */,
				A631462E45A7C03F7320D43A /* CycleView.swift */,
				B847FA72B2075CB43B005756 /* EnergySettingsView.swift */,
				F032565E8B26877C42F97443 /* CaloriesView.swift */,
				E23AF24A0BE069874B5A1CFB /* MealsView.swift */,
				2D8FDF06041B2BB0A2845F03 /* Meals */,
				06580E7A2F35368200FBC564 /* HistoryView.swift */,
				9AA7B0068BC381742645D8CB /* DiaperView.swift */,
				06580E6D2F352FE800FBC564 /* SettingsView.swift */,
				85699E4184D15DEBC653A9E0 /* FormulaView.swift */,
				72F870F37521F04FA4FD1823 /* GridView.swift */,
				E851554DA80110390015313D /* MedicineView.swift */,
				A6DE89A6066A0F4383B384CC /* NursingView.swift */,
				754290274399D3B7F31C3DE0 /* PlaytimeView.swift */,
				39BF5D695417CE677FBF390B /* SleepView.swift */,
				53085CB85BE517AB96BE3C83 /* TemperatureView.swift */,
			);
			path = Views;
			sourceTree = "<group>";
		};
		BE7186ED53FE061AF935F372 /* Derived */ = {
			isa = PBXGroup;
			children = (
				A3BD85D5B87781DA0BBAEBBA /* InfoPlists */,
				0EFE2E0DCA3648099E03E8AA /* Sources */,
			);
			path = Derived;
			sourceTree = "<group>";
		};
		D2495DA22000C4BCF0C89C8C /* Nutrition */ = {
			isa = PBXGroup;
			children = (
				916F75D54C262884100FD3FE /* BeverageTemplate.swift */,
				ED54A1882848370730330F30 /* BeverageCalculator.swift */,
				AACBE366A1D7D2BCDFCCA507 /* BeverageLibrary.swift */,
				CA7DB0C7E3BC436B44AB2EB9 /* ServingCalculator.swift */,
				E850F640BF365385CD2FAD0D /* EnergyProfileStore.swift */,
				6B752D3C453152E86B24341E /* EnergyEngine.swift */,
			);
			path = Nutrition;
			sourceTree = "<group>";
		};
		E75EFD359198E2CFBE6E1956 /* Services */ = {
			isa = PBXGroup;
			children = (
				CFC4203F4775F25405EF6D7E /* HealthKit */,
				85C3260376BAA68081E1963A /* LabelScanner.swift */,
				3EE3BFA2D1394734D0B1B397 /* NutritionLabelParser.swift */,
				16D01A3F440212EB0DB7B50A /* BatchPlanner.swift */,
				9A95EA5C29800C34B69BFFF6 /* BatchSafety.swift */,
				5247989E0A30AB7CA1606B7D /* DinnerRule.swift */,
				9956F2600B1AFA2DC405AD63 /* ReactionAttribution.swift */,
				666736846E997B524A6A2903 /* OpenFoodFacts */,
			);
			path = Services;
			sourceTree = "<group>";
		};
		666736846E997B524A6A2903 /* OpenFoodFacts */ = {
			isa = PBXGroup;
			children = (
				BD2EBF3701CA016782F95C98 /* FoodProductStore.swift */,
				480102DDBED1B918FC0BBD4A /* MockOFFClient.swift */,
				196AD596BEAF1D2241B4CB1F /* OFFClient.swift */,
				BB99F17168F05CB3537167A6 /* OFFMapper.swift */,
				B353AC033EC5ACF72DE472DF /* OFFDTO.swift */,
				8C9AA03797F31B1FEB47B886 /* OFFEndpoint.swift */,
				940FB162DB320CA676DF3436 /* OFFError.swift */,
			);
			path = OpenFoodFacts;
			sourceTree = "<group>";
		};
		843977F207ACAED8418A4719 /* BabyTreatTests */ = {
			isa = PBXGroup;
			children = (
				83735354C0D6E89AD70A6865 /* ActiveEnergyTests.swift */,
				E6520B2E1BD70B6E4A385385 /* BeverageTests.swift */,
				91264CCC3A670FA31C3ACE7F /* ReactionAttributionTests.swift */,
				56120A9869B5C4CF9E35923D /* OpenFoodFactsTests.swift */,
			);
			path = BabyTreatTests;
			sourceTree = "<group>";
		};
		CFC4203F4775F25405EF6D7E /* HealthKit */ = {
			isa = PBXGroup;
			children = (
				6668D3EDFE5A0E60B9A4AE50 /* ActiveEnergyObserver.swift */,
				9970BA79C10EE76CBFC1B2F2 /* HealthKitActiveEnergyProvider.swift */,
				21031F4007E7B4C9610EA81B /* ActiveEnergyWindow.swift */,
				B9819711BD67F90C54254B83 /* MockActiveEnergyProvider.swift */,
				728DE9D00EC2B4433936D0B4 /* ActiveEnergySourceSelector.swift */,
				D0D241E4A8B754B505E46841 /* ActiveEnergyProviding.swift */,
				320A23DA29329D8C35549596 /* ActiveEnergy.swift */,
			);
			path = HealthKit;
			sourceTree = "<group>";
		};
/* End PBXGroup section */

/* Begin PBXNativeTarget section */
		E5BE074951FF4B51E71B9FF5 /* BabyTreat */ = {
			isa = PBXNativeTarget;
			buildConfigurationList = 018915B0200E1217F62A93DB /* Build configuration list for PBXNativeTarget "BabyTreat" */;
			buildPhases = (
				5439C9C5F954022E8A1D0850 /* Sources */,
				B5C4D8C4B76799B94BD63AE5 /* Resources */,
				2E3FC13A4E675C46F1439C94 /* Embed Frameworks */,
				68997D183BF9D834899DB897 /* Frameworks */,
			);
			buildRules = (
			);
			name = BabyTreat;
			productName = BabyTreat;
			productReference = C00285F7C2EE1E323B83B531 /* BabyTreat.app */;
			productType = "com.apple.product-type.application";
		};
		37751796C69A7BAAC24BAC7F /* BabyTreatTests */ = {
			isa = PBXNativeTarget;
			buildConfigurationList = 374E4DCE844CCC8D40C81EDF /* Build configuration list for PBXNativeTarget "BabyTreatTests" */;
			buildPhases = (
				CC3000269030EB160F3AE107 /* Sources */,
				B62931504ABEEA4369DE8262 /* Frameworks */,
				C53335C7A51E4B890FD7A340 /* Resources */,
			);
			buildRules = (
			);
			dependencies = (
				72E154475CF5E1219B059D6F /* PBXTargetDependency */,
			);
			name = BabyTreatTests;
			productName = BabyTreatTests;
			productReference = AE101D4029BB943C8D08936F /* BabyTreatTests.xctest */;
			productType = "com.apple.product-type.bundle.unit-test";
		};
/* End PBXNativeTarget section */

/* Begin PBXProject section */
		7768D36F9400F21BC1C1A5FC /* Project object */ = {
			isa = PBXProject;
			attributes = {
				BuildIndependentTargetsInParallel = YES;
				LastUpgradeCheck = 2620;
			};
			buildConfigurationList = 3B9497098DEBC0466094E04D /* Build configuration list for PBXProject "BabyTreat" */;
			developmentRegion = en;
			hasScannedForEncodings = 0;
			knownRegions = (
				Base,
				en,
			);
			mainGroup = 6D03373FE6FF55F3DFBA7FB0;
			preferredProjectObjectVersion = 90;
			productRefGroup = 3EF636CB7D1427CA521BA65B /* Products */;
			projectDirPath = "";
			projectRoot = "";
			targets = (
				E5BE074951FF4B51E71B9FF5 /* BabyTreat */,
				37751796C69A7BAAC24BAC7F /* BabyTreatTests */,
			);
		};
/* End PBXProject section */

/* Begin PBXResourcesBuildPhase section */
		B5C4D8C4B76799B94BD63AE5 /* Resources */ = {
			isa = PBXResourcesBuildPhase;
			files = (
				9CC5FE73F37A7C3681026767 /* Assets.xcassets in Resources */,
			);
		};
		C53335C7A51E4B890FD7A340 /* Resources */ = {
			isa = PBXResourcesBuildPhase;
			buildActionMask = 2147483647;
			files = (
			);
			runOnlyForDeploymentPostprocessing = 0;
		};
/* End PBXResourcesBuildPhase section */

/* Begin PBXSourcesBuildPhase section */
		5439C9C5F954022E8A1D0850 /* Sources */ = {
			isa = PBXSourcesBuildPhase;
			files = (
				C154A8C55550E5F868F18697 /* ActiveEnergyObserver.swift in Sources */,
				911EE16BB0A5576BDF10470F /* HealthKitActiveEnergyProvider.swift in Sources */,
				70A306198E30FB8D362E432C /* ActiveEnergyWindow.swift in Sources */,
				5835EDFFFE796C16B0F12F50 /* MockActiveEnergyProvider.swift in Sources */,
				93D71B8AFE3B53D608D70A31 /* ActiveEnergySourceSelector.swift in Sources */,
				8B18232545DE082CBA6D5775 /* ActiveEnergyProviding.swift in Sources */,
				3734B5E3F8EB79262C3F4EA9 /* ActiveEnergy.swift in Sources */,
				38416539359A04BD0CF120B7 /* BeverageTemplate.swift in Sources */,
				030944AF765A2B86BA3CD91B /* BeverageCalculator.swift in Sources */,
				4BC21F35B69712748113CE05 /* BeverageLibrary.swift in Sources */,
				DBE10A257A73C518E7613CD5 /* BeverageEntry.swift in Sources */,
				BA6E62F7A577F438667E0AEB /* CarbConvention.swift in Sources */,
				44946F24F9A1EE815EB428BF /* ServingCalculatorSheet.swift in Sources */,
				8E50FC2EEA3C1F3CE993C67F /* ServingCalculator.swift in Sources */,
				158505AEAB86E5ABF917F839 /* LabelScanner.swift in Sources */,
				297081957F6C7056D514ECDA /* NutritionLabelParser.swift in Sources */,
				9EC7C00ADB68893B759F413B /* PeriodStart.swift in Sources */,
				2671226026739FB304CB22DE /* SoupBatchSheet.swift in Sources */,
				1DAFB873EE84B801793F7452 /* BatchPlanner.swift in Sources */,
				65440CFF8C3B921CB119E21B /* BatchSafety.swift in Sources */,
				E92F06F0319348B780C6B3DE /* DinnerRule.swift in Sources */,
				96DFF5C87A35D7A8C2F3ADB3 /* SoupBatch.swift in Sources */,
				420819603A16B0BD4C7E7C28 /* MealForm.swift in Sources */,
				CD25B7CC90FDD8027576D7C2 /* ReactionLogSheet.swift in Sources */,
				5FA2E97EFE5DA9B962BDE7A1 /* ReactionAttribution.swift in Sources */,
				45DEC57EF20E193D15785D33 /* ReactionLog.swift in Sources */,
				57063EAE78B59200C5318692 /* IngredientClassification.swift in Sources */,
				592F37E9023D10B1CD4ACCDF /* FoodProductStore.swift in Sources */,
				33D3040D5017E2DAA67A7315 /* MockOFFClient.swift in Sources */,
				3422F91ED98D38EA27F88955 /* OFFClient.swift in Sources */,
				D6D434B8D6B6EBFD0E0C9B1B /* OFFMapper.swift in Sources */,
				9C5A886456274C039A4C7B97 /* OFFDTO.swift in Sources */,
				ED396CAB06E5551A54A41E88 /* OFFEndpoint.swift in Sources */,
				000D8562F81D3F1DC20A8A22 /* OFFError.swift in Sources */,
				9D2C172B4A2B3989C4AB6B8E /* FoodProduct.swift in Sources */,
				D04DB13DE57CA25F8256770D /* NutritionFacts.swift in Sources */,
				B5D93DCD5D0719E6ABA298D2 /* WeightBasis.swift in Sources */,
				0FCD86BF878D4FB04699972A /* CycleView.swift in Sources */,
				C394F1EB570025FAD0C1E484 /* EnergySettingsView.swift in Sources */,
				8833681D05517F1D6C82AE5E /* CaloriesView.swift in Sources */,
				4AD06C1171B0EC5D0E04FD12 /* EnergyProfileStore.swift in Sources */,
				7EDFA7F976494C0E77BABE4E /* NutritionModels.swift in Sources */,
				E08C05A6468B4FF0A7E224CA /* EnergyEngine.swift in Sources */,
				70B6CA0B5E31F8B443B107ED /* PairInsightsView.swift in Sources */,
				B1B47E70CCDD3B0ED32FD4AF /* PairEffectEngine.swift in Sources */,
				E175E35F6FC757831BD0D01C /* ToleranceEngine.swift in Sources */,
				AC1705F41816230DDE1DD4C2 /* LoggedMeal.swift in Sources */,
				9B594D304C71309691DEC29E /* ToleranceLevel.swift in Sources */,
				9D02FB3E27F2CEFDAEEB0BF6 /* MealPlanner.swift in Sources */,
				FC215E74DB6870806219081D /* MealEditSheet.swift in Sources */,
				EA64EC9850300D2DF612D500 /* MealLogSheet.swift in Sources */,
				951FC375BF5F522DF604D0F6 /* Food.swift in Sources */,
				830F28AC3834D8C72B769E36 /* Recipe.swift in Sources */,
				0E5512ACAD8CF22B220EDAB9 /* MenuEntry.swift in Sources */,
				926D201649E1DDA7B6CE63B2 /* MealLog.swift in Sources */,
				C112BA530796C6C4FB8E843F /* ShoppingItem.swift in Sources */,
				12B22226D2ADC1C0F176759C /* MealsView.swift in Sources */,
				54009F0F8229E3CBB3FB7DC4 /* MealTheme.swift in Sources */,
				DB1552CDE0F9B7B6E596DAE0 /* MealRules.swift in Sources */,
				CFCD7329DD44151775E8B976 /* MealSeed.swift in Sources */,
				044F11D47F7F84A0082AAE76 /* MealsTodayView.swift in Sources */,
				653323A05C4EF2D2F77CB9F9 /* MealsWeekView.swift in Sources */,
				4C90C8909E709DAB293552B7 /* MealsFoodsView.swift in Sources */,
				C947707B9B5D1B385FBD2499 /* MealsRecipesView.swift in Sources */,
				2E51B2DC2314D9FC17E0F3AB /* MealsShoppingView.swift in Sources */,
				F96D08D97AD2E4DF747C59BC /* BabyTreatApp.swift in Sources */,
				8AB959BD86500B24CFF4D18E /* ContentView.swift in Sources */,
				B7C94E7ACB20EDB132689464 /* DiaperView.swift in Sources */,
				CD31567E7F4D0C8DAA236F85 /* FormulaView.swift in Sources */,
				06580E752F35345F00FBC564 /* SleepRecord.swift in Sources */,
				06580E792F35365F00FBC564 /* NursingRecord.swift in Sources */,
				3D0C5843B3E8DC1C7C2CD897 /* GridView.swift in Sources */,
				33751E5F38CA06DA0BA982DA /* MedicineView.swift in Sources */,
				06580E772F3534EB00FBC564 /* PlaytimeRecord.swift in Sources */,
				95434DDCD5D8CF860AE25DB2 /* NursingView.swift in Sources */,
				06580E732F35333E00FBC564 /* TemperatureReading.swift in Sources */,
				06580E712F35321600FBC564 /* Medicine.swift in Sources */,
				06580E7B2F35368200FBC564 /* HistoryView.swift in Sources */,
				8B3A997D7962189B93CF3D40 /* PlaytimeView.swift in Sources */,
				AF1B66643B5E5C8B6E04C313 /* SleepView.swift in Sources */,
				4AEAD5437E100CFA6D367ABF /* TemperatureView.swift in Sources */,
				48FA0251FFC7EC7869B7AD90 /* TuistAssets+BabyTreat.swift in Sources */,
				F4442972A2C888B928683A93 /* TuistBundle+BabyTreat.swift in Sources */,
				06580E6E2F352FE800FBC564 /* SettingsView.swift in Sources */,
			);
		};
		CC3000269030EB160F3AE107 /* Sources */ = {
			isa = PBXSourcesBuildPhase;
			buildActionMask = 2147483647;
			files = (
				C4E5EFBB3961CC37CB114047 /* ActiveEnergyTests.swift in Sources */,
				77C0137386921B381D73EE1C /* BeverageTests.swift in Sources */,
				1916180B50EAAE39126E520F /* ReactionAttributionTests.swift in Sources */,
				24405CF8EB713A3C94BCD63D /* OpenFoodFactsTests.swift in Sources */,
			);
			runOnlyForDeploymentPostprocessing = 0;
		};
/* End PBXSourcesBuildPhase section */

/* Begin PBXTargetDependency section */
		72E154475CF5E1219B059D6F /* PBXTargetDependency */ = {
			isa = PBXTargetDependency;
			target = E5BE074951FF4B51E71B9FF5 /* BabyTreat */;
			targetProxy = DA76549D8650C71C74E32987 /* PBXContainerItemProxy */;
		};
/* End PBXTargetDependency section */

/* Begin XCBuildConfiguration section */
		162F575F99E3104B4C3A8D3D /* Debug configuration for PBXProject "BabyTreat" */ = {
			isa = XCBuildConfiguration;
			buildSettings = {
				ALWAYS_SEARCH_USER_PATHS = NO;
				ASSETCATALOG_COMPILER_GENERATE_SWIFT_ASSET_SYMBOL_EXTENSIONS = YES;
				CLANG_ANALYZER_LOCALIZABILITY_NONLOCALIZED = YES;
				CLANG_ANALYZER_NONNULL = YES;
				CLANG_ANALYZER_NUMBER_OBJECT_CONVERSION = YES_AGGRESSIVE;
				CLANG_CXX_LANGUAGE_STANDARD = "gnu++14";
				CLANG_CXX_LIBRARY = "libc++";
				CLANG_ENABLE_MODULES = YES;
				CLANG_ENABLE_OBJC_ARC = YES;
				CLANG_ENABLE_OBJC_WEAK = YES;
				CLANG_WARN_BLOCK_CAPTURE_AUTORELEASING = YES;
				CLANG_WARN_BOOL_CONVERSION = YES;
				CLANG_WARN_COMMA = YES;
				CLANG_WARN_CONSTANT_CONVERSION = YES;
				CLANG_WARN_DEPRECATED_OBJC_IMPLEMENTATIONS = YES;
				CLANG_WARN_DIRECT_OBJC_ISA_USAGE = YES_ERROR;
				CLANG_WARN_DOCUMENTATION_COMMENTS = YES;
				CLANG_WARN_EMPTY_BODY = YES;
				CLANG_WARN_ENUM_CONVERSION = YES;
				CLANG_WARN_INFINITE_RECURSION = YES;
				CLANG_WARN_INT_CONVERSION = YES;
				CLANG_WARN_NON_LITERAL_NULL_CONVERSION = YES;
				CLANG_WARN_OBJC_IMPLICIT_RETAIN_SELF = YES;
				CLANG_WARN_OBJC_LITERAL_CONVERSION = YES;
				CLANG_WARN_OBJC_ROOT_CLASS = YES_ERROR;
				CLANG_WARN_QUOTED_INCLUDE_IN_FRAMEWORK_HEADER = YES;
				CLANG_WARN_RANGE_LOOP_ANALYSIS = YES;
				CLANG_WARN_STRICT_PROTOTYPES = YES;
				CLANG_WARN_SUSPICIOUS_MOVE = YES;
				CLANG_WARN_UNGUARDED_AVAILABILITY = YES_AGGRESSIVE;
				CLANG_WARN_UNREACHABLE_CODE = YES;
				CLANG_WARN__DUPLICATE_METHOD_MATCH = YES;
				COPY_PHASE_STRIP = NO;
				DEAD_CODE_STRIPPING = YES;
				DEBUG_INFORMATION_FORMAT = dwarf;
				ENABLE_STRICT_OBJC_MSGSEND = YES;
				ENABLE_TESTABILITY = YES;
				ENABLE_USER_SCRIPT_SANDBOXING = YES;
				GCC_C_LANGUAGE_STANDARD = gnu11;
				GCC_DYNAMIC_NO_PIC = NO;
				GCC_NO_COMMON_BLOCKS = YES;
				GCC_OPTIMIZATION_LEVEL = 0;
				GCC_PREPROCESSOR_DEFINITIONS = (
					"DEBUG=1",
					"$(inherited)",
				);
				GCC_WARN_64_TO_32_BIT_CONVERSION = YES;
				GCC_WARN_ABOUT_RETURN_TYPE = YES_ERROR;
				GCC_WARN_UNDECLARED_SELECTOR = YES;
				GCC_WARN_UNINITIALIZED_AUTOS = YES_AGGRESSIVE;
				GCC_WARN_UNUSED_FUNCTION = YES;
				GCC_WARN_UNUSED_VARIABLE = YES;
				MTL_ENABLE_DEBUG_INFO = YES;
				ONLY_ACTIVE_ARCH = YES;
				PRODUCT_NAME = "$(TARGET_NAME)";
				STRING_CATALOG_GENERATE_SYMBOLS = YES;
			};
			name = Debug;
		};
		58391B8FFEBDBCAA9FF6CEC0 /* Debug configuration for PBXNativeTarget "BabyTreat" */ = {
			isa = XCBuildConfiguration;
			buildSettings = {
				ASSETCATALOG_COMPILER_APPICON_NAME = AppIcon;
				CODE_SIGN_ENTITLEMENTS = BabyTreat/BabyTreat.entitlements;
				CODE_SIGN_IDENTITY = "iPhone Developer";
				DEVELOPMENT_TEAM = 47SD75X688;
				ENABLE_PREVIEWS = YES;
				INFOPLIST_FILE = "Derived/InfoPlists/BabyTreat-Info.plist";
				INFOPLIST_KEY_CFBundleDisplayName = "Baby Treat";
				INFOPLIST_KEY_NSPhotoLibraryUsageDescription = "Choose a photo of a nutrition label so the app can read the values for you.";
				INFOPLIST_KEY_NSHealthShareUsageDescription = "Citim caloriile arse din Sănătate, ca bugetul zilnic să urmeze cât te-ai mișcat cu adevărat, nu o estimare. Nu scriem nimic în Sănătate.";
				INFOPLIST_KEY_LSApplicationCategoryType = "public.app-category.utilities";
				IPHONEOS_DEPLOYMENT_TARGET = 17.0;
				LD_RUNPATH_SEARCH_PATHS = (
					"$(inherited)",
					"@executable_path/Frameworks",
				);
				MARKETING_VERSION = 0.0.1;
				PRODUCT_BUNDLE_IDENTIFIER = com.yourcompany.babytreat;
				PRODUCT_NAME = BabyTreat;
				SDKROOT = iphoneos;
				SUPPORTS_MACCATALYST = NO;
				SUPPORTS_MAC_DESIGNED_FOR_IPHONE_IPAD = YES;
				SUPPORTS_XR_DESIGNED_FOR_IPHONE_IPAD = NO;
				SWIFT_ACTIVE_COMPILATION_CONDITIONS = "$(inherited) DEBUG";
				SWIFT_COMPILATION_MODE = singlefile;
				SWIFT_OPTIMIZATION_LEVEL = "-Onone";
				SWIFT_VERSION = 5.0;
				TARGETED_DEVICE_FAMILY = "1,2";
			};
			name = Debug;
		};
		7DB7B4D0B9B020A805624C5C /* Release configuration for PBXProject "BabyTreat" */ = {
			isa = XCBuildConfiguration;
			buildSettings = {
				ALWAYS_SEARCH_USER_PATHS = NO;
				ASSETCATALOG_COMPILER_GENERATE_SWIFT_ASSET_SYMBOL_EXTENSIONS = YES;
				CLANG_ANALYZER_LOCALIZABILITY_NONLOCALIZED = YES;
				CLANG_ANALYZER_NONNULL = YES;
				CLANG_ANALYZER_NUMBER_OBJECT_CONVERSION = YES_AGGRESSIVE;
				CLANG_CXX_LANGUAGE_STANDARD = "gnu++14";
				CLANG_CXX_LIBRARY = "libc++";
				CLANG_ENABLE_MODULES = YES;
				CLANG_ENABLE_OBJC_ARC = YES;
				CLANG_ENABLE_OBJC_WEAK = YES;
				CLANG_WARN_BLOCK_CAPTURE_AUTORELEASING = YES;
				CLANG_WARN_BOOL_CONVERSION = YES;
				CLANG_WARN_COMMA = YES;
				CLANG_WARN_CONSTANT_CONVERSION = YES;
				CLANG_WARN_DEPRECATED_OBJC_IMPLEMENTATIONS = YES;
				CLANG_WARN_DIRECT_OBJC_ISA_USAGE = YES_ERROR;
				CLANG_WARN_DOCUMENTATION_COMMENTS = YES;
				CLANG_WARN_EMPTY_BODY = YES;
				CLANG_WARN_ENUM_CONVERSION = YES;
				CLANG_WARN_INFINITE_RECURSION = YES;
				CLANG_WARN_INT_CONVERSION = YES;
				CLANG_WARN_NON_LITERAL_NULL_CONVERSION = YES;
				CLANG_WARN_OBJC_IMPLICIT_RETAIN_SELF = YES;
				CLANG_WARN_OBJC_LITERAL_CONVERSION = YES;
				CLANG_WARN_OBJC_ROOT_CLASS = YES_ERROR;
				CLANG_WARN_QUOTED_INCLUDE_IN_FRAMEWORK_HEADER = YES;
				CLANG_WARN_RANGE_LOOP_ANALYSIS = YES;
				CLANG_WARN_STRICT_PROTOTYPES = YES;
				CLANG_WARN_SUSPICIOUS_MOVE = YES;
				CLANG_WARN_UNGUARDED_AVAILABILITY = YES_AGGRESSIVE;
				CLANG_WARN_UNREACHABLE_CODE = YES;
				CLANG_WARN__DUPLICATE_METHOD_MATCH = YES;
				COPY_PHASE_STRIP = NO;
				DEAD_CODE_STRIPPING = YES;
				DEBUG_INFORMATION_FORMAT = "dwarf-with-dsym";
				ENABLE_NS_ASSERTIONS = NO;
				ENABLE_STRICT_OBJC_MSGSEND = YES;
				ENABLE_USER_SCRIPT_SANDBOXING = YES;
				GCC_C_LANGUAGE_STANDARD = gnu11;
				GCC_NO_COMMON_BLOCKS = YES;
				GCC_WARN_64_TO_32_BIT_CONVERSION = YES;
				GCC_WARN_ABOUT_RETURN_TYPE = YES_ERROR;
				GCC_WARN_UNDECLARED_SELECTOR = YES;
				GCC_WARN_UNINITIALIZED_AUTOS = YES_AGGRESSIVE;
				GCC_WARN_UNUSED_FUNCTION = YES;
				GCC_WARN_UNUSED_VARIABLE = YES;
				MTL_ENABLE_DEBUG_INFO = NO;
				PRODUCT_NAME = "$(TARGET_NAME)";
				STRING_CATALOG_GENERATE_SYMBOLS = YES;
				VALIDATE_PRODUCT = YES;
			};
			name = Release;
		};
		D1622930DF763E77C7E78532 /* Release configuration for PBXNativeTarget "BabyTreat" */ = {
			isa = XCBuildConfiguration;
			buildSettings = {
				ASSETCATALOG_COMPILER_APPICON_NAME = AppIcon;
				CODE_SIGN_ENTITLEMENTS = BabyTreat/BabyTreat.entitlements;
				CODE_SIGN_IDENTITY = "iPhone Developer";
				DEVELOPMENT_TEAM = 47SD75X688;
				ENABLE_PREVIEWS = YES;
				INFOPLIST_FILE = "Derived/InfoPlists/BabyTreat-Info.plist";
				INFOPLIST_KEY_CFBundleDisplayName = "Baby Treat";
				INFOPLIST_KEY_NSPhotoLibraryUsageDescription = "Choose a photo of a nutrition label so the app can read the values for you.";
				INFOPLIST_KEY_NSHealthShareUsageDescription = "Citim caloriile arse din Sănătate, ca bugetul zilnic să urmeze cât te-ai mișcat cu adevărat, nu o estimare. Nu scriem nimic în Sănătate.";
				INFOPLIST_KEY_LSApplicationCategoryType = "public.app-category.utilities";
				IPHONEOS_DEPLOYMENT_TARGET = 17.0;
				LD_RUNPATH_SEARCH_PATHS = (
					"$(inherited)",
					"@executable_path/Frameworks",
				);
				MARKETING_VERSION = 0.0.1;
				PRODUCT_BUNDLE_IDENTIFIER = com.yourcompany.babytreat;
				PRODUCT_NAME = BabyTreat;
				SDKROOT = iphoneos;
				SUPPORTS_MACCATALYST = NO;
				SUPPORTS_MAC_DESIGNED_FOR_IPHONE_IPAD = YES;
				SUPPORTS_XR_DESIGNED_FOR_IPHONE_IPAD = NO;
				SWIFT_COMPILATION_MODE = wholemodule;
				SWIFT_OPTIMIZATION_LEVEL = "-Owholemodule";
				SWIFT_VERSION = 5.0;
				TARGETED_DEVICE_FAMILY = "1,2";
			};
			name = Release;
		};
		78C9E189AB600C6CA5056AFB /* Debug */ = {
			isa = XCBuildConfiguration;
			buildSettings = {
				ALWAYS_SEARCH_USER_PATHS = NO;
				BUNDLE_LOADER = "$(TEST_HOST)";
				CODE_SIGN_STYLE = Automatic;
				CURRENT_PROJECT_VERSION = 1;
				DEVELOPMENT_TEAM = 47SD75X688;
				GENERATE_INFOPLIST_FILE = YES;
				IPHONEOS_DEPLOYMENT_TARGET = 17.0;
				MARKETING_VERSION = 1.0;
				PRODUCT_BUNDLE_IDENTIFIER = com.yourcompany.babytreat.tests;
				PRODUCT_NAME = "$(TARGET_NAME)";
				SDKROOT = iphoneos;
				SWIFT_EMIT_LOC_STRINGS = NO;
				SWIFT_VERSION = 5.0;
				TARGETED_DEVICE_FAMILY = "1,2";
				TEST_HOST = "$(BUILT_PRODUCTS_DIR)/BabyTreat.app/$(BUNDLE_EXECUTABLE_FOLDER_PATH)/BabyTreat";
			};
			name = Debug;
		};
		C178A066AB63178E82DBEE93 /* Release */ = {
			isa = XCBuildConfiguration;
			buildSettings = {
				ALWAYS_SEARCH_USER_PATHS = NO;
				BUNDLE_LOADER = "$(TEST_HOST)";
				CODE_SIGN_STYLE = Automatic;
				CURRENT_PROJECT_VERSION = 1;
				DEVELOPMENT_TEAM = 47SD75X688;
				GENERATE_INFOPLIST_FILE = YES;
				IPHONEOS_DEPLOYMENT_TARGET = 17.0;
				MARKETING_VERSION = 1.0;
				PRODUCT_BUNDLE_IDENTIFIER = com.yourcompany.babytreat.tests;
				PRODUCT_NAME = "$(TARGET_NAME)";
				SDKROOT = iphoneos;
				SWIFT_EMIT_LOC_STRINGS = NO;
				SWIFT_VERSION = 5.0;
				TARGETED_DEVICE_FAMILY = "1,2";
				TEST_HOST = "$(BUILT_PRODUCTS_DIR)/BabyTreat.app/$(BUNDLE_EXECUTABLE_FOLDER_PATH)/BabyTreat";
			};
			name = Release;
		};
/* End XCBuildConfiguration section */

/* Begin XCConfigurationList section */
		018915B0200E1217F62A93DB /* Build configuration list for PBXNativeTarget "BabyTreat" */ = {
			isa = XCConfigurationList;
			buildConfigurations = (
				58391B8FFEBDBCAA9FF6CEC0 /* Debug configuration for PBXNativeTarget "BabyTreat" */,
				D1622930DF763E77C7E78532 /* Release configuration for PBXNativeTarget "BabyTreat" */,
			);
			defaultConfigurationName = Release;
		};
		3B9497098DEBC0466094E04D /* Build configuration list for PBXProject "BabyTreat" */ = {
			isa = XCConfigurationList;
			buildConfigurations = (
				162F575F99E3104B4C3A8D3D /* Debug configuration for PBXProject "BabyTreat" */,
				7DB7B4D0B9B020A805624C5C /* Release configuration for PBXProject "BabyTreat" */,
			);
			defaultConfigurationName = Release;
		};
		374E4DCE844CCC8D40C81EDF /* Build configuration list for PBXNativeTarget "BabyTreatTests" */ = {
			isa = XCConfigurationList;
			buildConfigurations = (
				78C9E189AB600C6CA5056AFB /* Debug */,
				C178A066AB63178E82DBEE93 /* Release */,
			);
			defaultConfigurationIsVisible = 0;
			defaultConfigurationName = Release;
		};
/* End XCConfigurationList section */
	};
	rootObject = 7768D36F9400F21BC1C1A5FC /* Project object */;
}
